{
  "name": "aoc",
  "lockfileVersion": 3,
  "requires": true,
  "packages": {
    "": {
      "dependencies": {
        "uint8": "^1.0.0"
      }
    },
    "node_modules/uint8": {
      "version": "1.0.0",
      "resolved": "https://registry.npmjs.org/uint8/-/uint8-1.0.0.tgz",
      "integrity": "sha512-/vUpzOLqkhICaz3L5J3ciqS+QfszH4F2RwT27giGl3/ZGKrf5QulJGC8bRRsdCWDGcmfxSsOqiQb+8ONgJZSOg==",
      "deprecated": "Deprecated in favor of typedarray-to-buffer"
    }
  }
}
